Microsoft Visual Studio Solution File, Format Version 11.00
# Visual Studio 2008

Project("{F913C531-7BB3-A11C-B0BE-6BD0FC20A5C8}") = "cubeuilding3", "Assembly-CSharp.csproj", "{0998A76B-C054-811F-0810-51BCC9B1FD70}"
EndProject
Global
	GlobalSection(SolutionConfigurationPlatforms) = preSolution
		Debug|Any CPU = Debug|Any CPU
		Release|Any CPU = Release|Any CPU
	EndGlobalSection
	GlobalSection(ProjectConfigurationPlatforms) = postSolution
		{0998A76B-C054-811F-0810-51BCC9B1FD70}.Debug|Any CPU.ActiveCfg = Debug|Any CPU
		{0998A76B-C054-811F-0810-51BCC9B1FD70}.Debug|Any CPU.Build.0 = Debug|Any CPU
		{0998A76B-C054-811F-0810-51BCC9B1FD70}.Release|Any CPU.ActiveCfg = Release|Any CPU
		{0998A76B-C054-811F-0810-51BCC9B1FD70}.Release|Any CPU.Build.0 = Release|Any CPU
	EndGlobalSection
	GlobalSection(SolutionProperties) = preSolution
		HideSolutionNode = FALSE
	EndGlobalSection
																																																								GlobalSection(MonoDevelopProperties) = preSolution
		StartupItem = Assembly-CSharp.csproj
		Policies = $0
		$0.TextStylePolicy = $3
		$1.inheritsSet = null
		$1.scope = text/x-csharp
		$0.CSharpFormattingPolicy = $2
		$2.inheritsSet = Mono
		$2.inheritsScope = text/x-csharp
		$2.scope = text/x-csharp
		$3.FileWidth = 120
		$3.TabWidth = 4
		$3.IndentWidth = 4
		$3.EolMarker = Unix
		$3.inheritsSet = Mono
		$3.inheritsScope = text/plain
		$3.scope = text/plain
	EndGlobalSection

EndGlobal
